
Microsoft Visual Studio Solution File, Format Version 12.00
# Visual Studio Version 16
VisualStudioVersion = 16.0.30804.86
MinimumVisualStudioVersion = 10.0.40219.1
Project("{FAE04EC0-301F-11D3-BF4B-00C04F79EFBC}") = "Johnmwema.com", "Johnmwema.com.csproj", "{48E86E2B-7FA2-4460-BE20-E639061F4B0D}"
EndProject
Global
	GlobalSection(SolutionConfigurationPlatforms) = preSolution
		Debug|Any CPU = Debug|Any CPU
		Release|Any CPU = Release|Any CPU
	EndGlobalSection
	GlobalSection(ProjectConfigurationPlatforms) = postSolution
		{48E86E2B-7FA2-4460-BE20-E639061F4B0D}.Debug|Any CPU.ActiveCfg = Debug|Any CPU
		{48E86E2B-7FA2-4460-BE20-E639061F4B0D}.Debug|Any CPU.Build.0 = Debug|Any CPU
		{48E86E2B-7FA2-4460-BE20-E639061F4B0D}.Release|Any CPU.ActiveCfg = Release|Any CPU
		{48E86E2B-7FA2-4460-BE20-E639061F4B0D}.Release|Any CPU.Build.0 = Release|Any CPU
	EndGlobalSection
	GlobalSection(SolutionProperties) = preSolution
		HideSolutionNode = FALSE
	EndGlobalSection
	GlobalSection(ExtensibilityGlobals) = postSolution
		SolutionGuid = {45412B81-B733-4127-83CD-A9304508E84F}
	EndGlobalSection
EndGlobal
